# THIS IS AN AUTOGENERATED FILE. DO NOT EDIT THIS FILE DIRECTLY.
# yarn lockfile v1


"@types/firefox-webext-browser@~67.0.0":
  version "67.0.0"
  resolved "https://registry.yarnpkg.com/@types/firefox-webext-browser/-/firefox-webext-browser-67.0.0.tgz#2070f0e7e6e2534a36f15246980eb67121223420"
  integrity sha512-B8h1UUplz2yRJEA/u8unM9tZtce1MtKZP0p8Fzx6OOZnusV3QJB514kdTLcwz2YgDRi4Rk1PhUL5YW8+ANpUwg==

typescript@~3.4.3:
  version "3.4.3"
  resolved "https://registry.yarnpkg.com/typescript/-/typescript-3.4.3.tgz#0eb320e4ace9b10eadf5bc6103286b0f8b7c224f"
  integrity sha512-FFgHdPt4T/duxx6Ndf7hwgMZZjZpB+U0nMNGVCYPq0rEzWKjEDobm4J6yb3CS7naZ0yURFqdw9Gwc7UOh/P9oQ==
